
Microsoft Visual Studio Solution File, Format Version 12.00
# Visual Studio Version 17
VisualStudioVersion = 17.2.32616.157
MinimumVisualStudioVersion = 10.0.40219.1
Project("{FAE04EC0-301F-11D3-BF4B-00C04F79EFBC}") = "TicTacToe(NewVersion)", "TicTacToe(NewVersion)\TicTacToe(NewVersion).csproj", "{A45B5086-C44B-4B85-8485-7881577182E2}"
EndProject
Global
	GlobalSection(SolutionConfigurationPlatforms) = preSolution
		Debug|Any CPU = Debug|Any CPU
		Release|Any CPU = Release|Any CPU
	EndGlobalSection
	GlobalSection(ProjectConfigurationPlatforms) = postSolution
		{A45B5086-C44B-4B85-8485-7881577182E2}.Debug|Any CPU.ActiveCfg = Debug|Any CPU
		{A45B5086-C44B-4B85-8485-7881577182E2}.Debug|Any CPU.Build.0 = Debug|Any CPU
		{A45B5086-C44B-4B85-8485-7881577182E2}.Release|Any CPU.ActiveCfg = Release|Any CPU
		{A45B5086-C44B-4B85-8485-7881577182E2}.Release|Any CPU.Build.0 = Release|Any CPU
	EndGlobalSection
	GlobalSection(SolutionProperties) = preSolution
		HideSolutionNode = FALSE
	EndGlobalSection
	GlobalSection(ExtensibilityGlobals) = postSolution
		SolutionGuid = {F08BB86C-C61E-428D-80CF-904037841066}
	EndGlobalSection
EndGlobal
